// !$*UTF8*$!
{
	archiveVersion = 1;
	classes = {
	};
	objectVersion = 46;
	objects = {

/* Begin PBXBuildFile section */
		09CE5D36308F258773FA6649 /* LockCoordinatorTests.swift in Sources */ = {isa = PBXBuildFile; fileRef = 38B6290D34585E6F7B1A3A27 /* LockCoordinatorTests.swift */; };
		0B38D98D90A08F889385A62D /* VideoFileDiscoveryTests.swift in Sources */ = {isa = PBXBuildFile; fileRef = 8244C9FD5EBD466C7D241872 /* VideoFileDiscoveryTests.swift */; };
		0D7D9E528BCF0BFDF7BEEC97 /* SettingsWindowController.swift in Sources */ = {isa = PBXBuildFile; fileRef = 84C2DCDE32DBDE55A8B82B43 /* SettingsWindowController.swift */; };
		103D5FD603C920F46A91D748 /* Cocoa.framework in Frameworks */ = {isa = PBXBuildFile; fileRef = 30FC1F641B744CB264BC2E9C /* Cocoa.framework */; };
		200FA52DD5E63013B2A4056E /* LibraryPicker.swift in Sources */ = {isa = PBXBuildFile; fileRef = FB4BB370BB4FA0AB675F25C1 /* LibraryPicker.swift */; };
		24C056D40045C3DBF8C959A6 /* VideoFileDiscovery.swift in Sources */ = {isa = PBXBuildFile; fileRef = 009BA5AFE4BDF6BAB811C2AF /* VideoFileDiscovery.swift */; };
		2B6F1BD1750C1EEBEBAD4716 /* Cocoa.framework in Frameworks */ = {isa = PBXBuildFile; fileRef = 30FC1F641B744CB264BC2E9C /* Cocoa.framework */; };
		31AC122FB92E85F742E020EC /* DatabaseError.swift in Sources */ = {isa = PBXBuildFile; fileRef = 9BEF63026C326535748E4413 /* DatabaseError.swift */; };
		35C77F62BD17F0B26666F3F7 /* SecurityScopedResource.swift in Sources */ = {isa = PBXBuildFile; fileRef = 15C62EDEB4C2D8DA5E6B8E74 /* SecurityScopedResource.swift */; };
		37F0A28AE71C26A1C72E0F25 /* AuthenticationService.swift in Sources */ = {isa = PBXBuildFile; fileRef = 0B86690771ECB0D3E455C463 /* AuthenticationService.swift */; };
		42FCAFFE7868918888F785C5 /* MainWindowController.swift in Sources */ = {isa = PBXBuildFile; fileRef = 45E6AADB842F080109E4A2CC /* MainWindowController.swift */; };
		49E668F786053F1B132C1903 /* PreferencesStoreTests.swift in Sources */ = {isa = PBXBuildFile; fileRef = 68929926DFEABCFF09084FC6 /* PreferencesStoreTests.swift */; };
		4B750E57F085E857F9053E7B /* VideoRecord.swift in Sources */ = {isa = PBXBuildFile; fileRef = 6E9B47BDD3C9A38B5D4A42EF /* VideoRecord.swift */; };
		5465B7E846BA96A052833F54 /* DatabaseStore.swift in Sources */ = {isa = PBXBuildFile; fileRef = C62C894AD10632CB60DD1F66 /* DatabaseStore.swift */; };
		582B8E86D2F2C89BC5EFA086 /* DatabaseStoreTests.swift in Sources */ = {isa = PBXBuildFile; fileRef = 64C665D933ECD25A4E3092CE /* DatabaseStoreTests.swift */; };
		68D00FE47254DDDB8EFC588F /* AppConfiguration.swift in Sources */ = {isa = PBXBuildFile; fileRef = 0065EA3E35ACDB9342AB707A /* AppConfiguration.swift */; };
		6A9868AD18454A67E4DB1ED2 /* LockCoordinator.swift in Sources */ = {isa = PBXBuildFile; fileRef = 2A9C040C18A8261BE74057EC /* LockCoordinator.swift */; };
		780ED2B47AE4EB04FA9A6AD6 /* InspectorViewController.swift in Sources */ = {isa = PBXBuildFile; fileRef = 11DC1DD5C532E26DBA1702DF /* InspectorViewController.swift */; };
		79BC89105D97037968F477C4 /* LibraryRecord.swift in Sources */ = {isa = PBXBuildFile; fileRef = ACC65D0C8886FF9CE89005FC /* LibraryRecord.swift */; };
		7D6EEEDF93F9355F974E4816 /* AppLogger.swift in Sources */ = {isa = PBXBuildFile; fileRef = EA41D9789D8945375AD7017F /* AppLogger.swift */; };
		881CD40839A3E0CA1744F090 /* AppDelegate.swift in Sources */ = {isa = PBXBuildFile; fileRef = F8F89D35EC29AE98A79EE98A /* AppDelegate.swift */; };
		8A1EDF3C05CC000CBA666D58 /* DiscoveredVideo.swift in Sources */ = {isa = PBXBuildFile; fileRef = 8EB36D1BF2B624D301ABE316 /* DiscoveredVideo.swift */; };
		8AD2190C78B129F9886959D0 /* LibrarySplitViewController.swift in Sources */ = {isa = PBXBuildFile; fileRef = EF1A89114CABDDA7E2D915E9 /* LibrarySplitViewController.swift */; };
		959AF33484B620C47DF7FECE /* LockView.swift in Sources */ = {isa = PBXBuildFile; fileRef = 8C2B48F7B4CC5830C918B0E8 /* LockView.swift */; };
		9B1ACC27EC6A110DC4446E4D /* SidebarModelTests.swift in Sources */ = {isa = PBXBuildFile; fileRef = B782FC7E7885E0A419DB5CBE /* SidebarModelTests.swift */; };
		9B3436958AAF85A3FF20D303 /* PreferencesStore.swift in Sources */ = {isa = PBXBuildFile; fileRef = E1228B8266925753845E5497 /* PreferencesStore.swift */; };
		A41480CAB0744520FAA8247F /* LibraryAccessCoordinator.swift in Sources */ = {isa = PBXBuildFile; fileRef = 9DC59AFC1307F5F5F6538178 /* LibraryAccessCoordinator.swift */; };
		D049C54F2F21F90B389DCC1D /* ApplicationCoordinator.swift in Sources */ = {isa = PBXBuildFile; fileRef = D4B2C3C3FC6E0219053CF828 /* ApplicationCoordinator.swift */; };
		D6BA6CEB4F37F4FD8C04AA6A /* SidebarViewController.swift in Sources */ = {isa = PBXBuildFile; fileRef = A9DD3581C3CCC1D073D9096A /* SidebarViewController.swift */; };
		E902B235BA9D37E27CCDC724 /* SettingsView.swift in Sources */ = {isa = PBXBuildFile; fileRef = E8BCE8FA8477687C0E0CB1F1 /* SettingsView.swift */; };
		F200A0D4CD3DCA81A08884F3 /* VideoGridViewController.swift in Sources */ = {isa = PBXBuildFile; fileRef = A64C4B3A1B8AD3E301665B55 /* VideoGridViewController.swift */; };
		FCA49810DAC46F843F2BC4C1 /* SidebarModel.swift in Sources */ = {isa = PBXBuildFile; fileRef = EC9BFF2B51F95F98E58AFF85 /* SidebarModel.swift */; };
/* End PBXBuildFile section */

/* Begin PBXContainerItemProxy section */
		668315F029F795BD4D0103DE /* PBXContainerItemProxy */ = {
			isa = PBXContainerItemProxy;
			containerPortal = 7C8A8E7653A06F906BABCF64 /* Project object */;
			proxyType = 1;
			remoteGlobalIDString = 045105C1154EA6239691B3AB;
			remoteInfo = VideoTagManager;
		};
/* End PBXContainerItemProxy section */

/* Begin PBXFileReference section */
		0065EA3E35ACDB9342AB707A /* AppConfiguration.swift */ = {isa = PBXFileReference; includeInIndex = 1; lastKnownFileType = sourcecode.swift; path = AppConfiguration.swift; sourceTree = "<group>"; };
		009BA5AFE4BDF6BAB811C2AF /* VideoFileDiscovery.swift */ = {isa = PBXFileReference; includeInIndex = 1; lastKnownFileType = sourcecode.swift; name = VideoFileDiscovery.swift; path = Scanning/VideoFileDiscovery.swift; sourceTree = "<group>"; };
		0B86690771ECB0D3E455C463 /* AuthenticationService.swift */ = {isa = PBXFileReference; includeInIndex = 1; lastKnownFileType = sourcecode.swift; name = AuthenticationService.swift; path = Security/AuthenticationService.swift; sourceTree = "<group>"; };
		11DC1DD5C532E26DBA1702DF /* InspectorViewController.swift */ = {isa = PBXFileReference; includeInIndex = 1; lastKnownFileType = sourcecode.swift; name = InspectorViewController.swift; path = Library/InspectorViewController.swift; sourceTree = "<group>"; };
		15C62EDEB4C2D8DA5E6B8E74 /* SecurityScopedResource.swift */ = {isa = PBXFileReference; includeInIndex = 1; lastKnownFileType = sourcecode.swift; name = SecurityScopedResource.swift; path = FileAccess/SecurityScopedResource.swift; sourceTree = "<group>"; };
		17328E51B21BEA53376EBF8E /* VideoTagManager.entitlements */ = {isa = PBXFileReference; includeInIndex = 1; lastKnownFileType = text.plist.entitlements; path = VideoTagManager.entitlements; sourceTree = "<group>"; };
		22DB06EFB21F5E2BB5F11688 /* Info.plist */ = {isa = PBXFileReference; includeInIndex = 1; lastKnownFileType = text.plist.xml; path = Info.plist; sourceTree = "<group>"; };
		2A9C040C18A8261BE74057EC /* LockCoordinator.swift */ = {isa = PBXFileReference; includeInIndex = 1; lastKnownFileType = sourcecode.swift; name = LockCoordinator.swift; path = Security/LockCoordinator.swift; sourceTree = "<group>"; };
		30FC1F641B744CB264BC2E9C /* Cocoa.framework */ = {isa = PBXFileReference; lastKnownFileType = wrapper.framework; name = Cocoa.framework; path = Platforms/MacOSX.platform/Developer/SDKs/MacOSX15.0.sdk/System/Library/Frameworks/Cocoa.framework; sourceTree = DEVELOPER_DIR; };
		38B6290D34585E6F7B1A3A27 /* LockCoordinatorTests.swift */ = {isa = PBXFileReference; includeInIndex = 1; lastKnownFileType = sourcecode.swift; path = LockCoordinatorTests.swift; sourceTree = "<group>"; };
		4435D9BA9FE248B1AF844894 /* VideoTagManagerTests.xctest */ = {isa = PBXFileReference; explicitFileType = wrapper.cfbundle; includeInIndex = 0; path = VideoTagManagerTests.xctest; sourceTree = BUILT_PRODUCTS_DIR; };
		45E6AADB842F080109E4A2CC /* MainWindowController.swift */ = {isa = PBXFileReference; includeInIndex = 1; lastKnownFileType = sourcecode.swift; path = MainWindowController.swift; sourceTree = "<group>"; };
		64C665D933ECD25A4E3092CE /* DatabaseStoreTests.swift */ = {isa = PBXFileReference; includeInIndex = 1; lastKnownFileType = sourcecode.swift; path = DatabaseStoreTests.swift; sourceTree = "<group>"; };
		68929926DFEABCFF09084FC6 /* PreferencesStoreTests.swift */ = {isa = PBXFileReference; includeInIndex = 1; lastKnownFileType = sourcecode.swift; path = PreferencesStoreTests.swift; sourceTree = "<group>"; };
		6E9B47BDD3C9A38B5D4A42EF /* VideoRecord.swift */ = {isa = PBXFileReference; includeInIndex = 1; lastKnownFileType = sourcecode.swift; name = VideoRecord.swift; path = Database/VideoRecord.swift; sourceTree = "<group>"; };
		8244C9FD5EBD466C7D241872 /* VideoFileDiscoveryTests.swift */ = {isa = PBXFileReference; includeInIndex = 1; lastKnownFileType = sourcecode.swift; path = VideoFileDiscoveryTests.swift; sourceTree = "<group>"; };
		84C2DCDE32DBDE55A8B82B43 /* SettingsWindowController.swift */ = {isa = PBXFileReference; includeInIndex = 1; lastKnownFileType = sourcecode.swift; name = SettingsWindowController.swift; path = Settings/SettingsWindowController.swift; sourceTree = "<group>"; };
		8C2B48F7B4CC5830C918B0E8 /* LockView.swift */ = {isa = PBXFileReference; includeInIndex = 1; lastKnownFileType = sourcecode.swift; name = LockView.swift; path = Lock/LockView.swift; sourceTree = "<group>"; };
		8EB36D1BF2B624D301ABE316 /* DiscoveredVideo.swift */ = {isa = PBXFileReference; includeInIndex = 1; lastKnownFileType = sourcecode.swift; name = DiscoveredVideo.swift; path = Scanning/DiscoveredVideo.swift; sourceTree = "<group>"; };
		9BEF63026C326535748E4413 /* DatabaseError.swift */ = {isa = PBXFileReference; includeInIndex = 1; lastKnownFileType = sourcecode.swift; name = DatabaseError.swift; path = Database/DatabaseError.swift; sourceTree = "<group>"; };
		9DC59AFC1307F5F5F6538178 /* LibraryAccessCoordinator.swift */ = {isa = PBXFileReference; includeInIndex = 1; lastKnownFileType = sourcecode.swift; name = LibraryAccessCoordinator.swift; path = FileAccess/LibraryAccessCoordinator.swift; sourceTree = "<group>"; };
		A64C4B3A1B8AD3E301665B55 /* VideoGridViewController.swift */ = {isa = PBXFileReference; includeInIndex = 1; lastKnownFileType = sourcecode.swift; name = VideoGridViewController.swift; path = Library/VideoGridViewController.swift; sourceTree = "<group>"; };
		A9DD3581C3CCC1D073D9096A /* SidebarViewController.swift */ = {isa = PBXFileReference; includeInIndex = 1; lastKnownFileType = sourcecode.swift; name = SidebarViewController.swift; path = Library/SidebarViewController.swift; sourceTree = "<group>"; };
		ACC65D0C8886FF9CE89005FC /* LibraryRecord.swift */ = {isa = PBXFileReference; includeInIndex = 1; lastKnownFileType = sourcecode.swift; name = LibraryRecord.swift; path = Database/LibraryRecord.swift; sourceTree = "<group>"; };
		B782FC7E7885E0A419DB5CBE /* SidebarModelTests.swift */ = {isa = PBXFileReference; includeInIndex = 1; lastKnownFileType = sourcecode.swift; path = SidebarModelTests.swift; sourceTree = "<group>"; };
		C62C894AD10632CB60DD1F66 /* DatabaseStore.swift */ = {isa = PBXFileReference; includeInIndex = 1; lastKnownFileType = sourcecode.swift; name = DatabaseStore.swift; path = Database/DatabaseStore.swift; sourceTree = "<group>"; };
		D4B2C3C3FC6E0219053CF828 /* ApplicationCoordinator.swift */ = {isa = PBXFileReference; includeInIndex = 1; lastKnownFileType = sourcecode.swift; path = ApplicationCoordinator.swift; sourceTree = "<group>"; };
		DB2A411E8C72F5A20C8969D3 /* VideoTagManager.app */ = {isa = PBXFileReference; explicitFileType = wrapper.application; includeInIndex = 0; path = VideoTagManager.app; sourceTree = BUILT_PRODUCTS_DIR; };
		E1228B8266925753845E5497 /* PreferencesStore.swift */ = {isa = PBXFileReference; includeInIndex = 1; lastKnownFileType = sourcecode.swift; name = PreferencesStore.swift; path = Preferences/PreferencesStore.swift; sourceTree = "<group>"; };
		E8BCE8FA8477687C0E0CB1F1 /* SettingsView.swift */ = {isa = PBXFileReference; includeInIndex = 1; lastKnownFileType = sourcecode.swift; name = SettingsView.swift; path = Settings/SettingsView.swift; sourceTree = "<group>"; };
		EA41D9789D8945375AD7017F /* AppLogger.swift */ = {isa = PBXFileReference; includeInIndex = 1; lastKnownFileType = sourcecode.swift; name = AppLogger.swift; path = Logging/AppLogger.swift; sourceTree = "<group>"; };
		EC9BFF2B51F95F98E58AFF85 /* SidebarModel.swift */ = {isa = PBXFileReference; includeInIndex = 1; lastKnownFileType = sourcecode.swift; name = SidebarModel.swift; path = Library/SidebarModel.swift; sourceTree = "<group>"; };
		EF1A89114CABDDA7E2D915E9 /* LibrarySplitViewController.swift */ = {isa = PBXFileReference; includeInIndex = 1; lastKnownFileType = sourcecode.swift; name = LibrarySplitViewController.swift; path = Library/LibrarySplitViewController.swift; sourceTree = "<group>"; };
		F8F89D35EC29AE98A79EE98A /* AppDelegate.swift */ = {isa = PBXFileReference; includeInIndex = 1; lastKnownFileType = sourcecode.swift; path = AppDelegate.swift; sourceTree = "<group>"; };
		FB4BB370BB4FA0AB675F25C1 /* LibraryPicker.swift */ = {isa = PBXFileReference; includeInIndex = 1; lastKnownFileType = sourcecode.swift; name = LibraryPicker.swift; path = FileAccess/LibraryPicker.swift; sourceTree = "<group>"; };
/* End PBXFileReference section */

/* Begin PBXFrameworksBuildPhase section */
		2170762512794C34B76D3B42 /* Frameworks */ = {
			isa = PBXFrameworksBuildPhase;
			buildActionMask = 2147483647;
			files = (
				2B6F1BD1750C1EEBEBAD4716 /* Cocoa.framework in Frameworks */,
			);
			runOnlyForDeploymentPostprocessing = 0;
		};
		850D10F23315DB956B7846BC /* Frameworks */ = {
			isa = PBXFrameworksBuildPhase;
			buildActionMask = 2147483647;
			files = (
				103D5FD603C920F46A91D748 /* Cocoa.framework in Frameworks */,
			);
			runOnlyForDeploymentPostprocessing = 0;
		};
/* End PBXFrameworksBuildPhase section */

/* Begin PBXGroup section */
		2C3D52A04F0FA7B204669DC4 /* Config */ = {
			isa = PBXGroup;
			children = (
				22DB06EFB21F5E2BB5F11688 /* Info.plist */,
				17328E51B21BEA53376EBF8E /* VideoTagManager.entitlements */,
			);
			name = Config;
			path = Config;
			sourceTree = "<group>";
		};
		333EBE66363420EE3F680198 /* Tests */ = {
			isa = PBXGroup;
			children = (
				64C665D933ECD25A4E3092CE /* DatabaseStoreTests.swift */,
				38B6290D34585E6F7B1A3A27 /* LockCoordinatorTests.swift */,
				68929926DFEABCFF09084FC6 /* PreferencesStoreTests.swift */,
				B782FC7E7885E0A419DB5CBE /* SidebarModelTests.swift */,
				8244C9FD5EBD466C7D241872 /* VideoFileDiscoveryTests.swift */,
			);
			name = Tests;
			path = Tests;
			sourceTree = "<group>";
		};
		56BA86C8668A7C021D12A1F1 /* Features */ = {
			isa = PBXGroup;
			children = (
				11DC1DD5C532E26DBA1702DF /* InspectorViewController.swift */,
				EF1A89114CABDDA7E2D915E9 /* LibrarySplitViewController.swift */,
				EC9BFF2B51F95F98E58AFF85 /* SidebarModel.swift */,
				A9DD3581C3CCC1D073D9096A /* SidebarViewController.swift */,
				A64C4B3A1B8AD3E301665B55 /* VideoGridViewController.swift */,
				8C2B48F7B4CC5830C918B0E8 /* LockView.swift */,
				E8BCE8FA8477687C0E0CB1F1 /* SettingsView.swift */,
				84C2DCDE32DBDE55A8B82B43 /* SettingsWindowController.swift */,
			);
			name = Features;
			path = Features;
			sourceTree = "<group>";
		};
		5F27EED286A331937AF12FD0 /* OS X */ = {
			isa = PBXGroup;
			children = (
				30FC1F641B744CB264BC2E9C /* Cocoa.framework */,
			);
			name = "OS X";
			sourceTree = "<group>";
		};
		68F8168D0F36C52F0AEFA219 /* Frameworks */ = {
			isa = PBXGroup;
			children = (
				5F27EED286A331937AF12FD0 /* OS X */,
			);
			name = Frameworks;
			sourceTree = "<group>";
		};
		716325AB4119B376FD06CAC4 /* Products */ = {
			isa = PBXGroup;
			children = (
				DB2A411E8C72F5A20C8969D3 /* VideoTagManager.app */,
				4435D9BA9FE248B1AF844894 /* VideoTagManagerTests.xctest */,
			);
			name = Products;
			sourceTree = "<group>";
		};
		76D887BF4377829429B126CE /* Core */ = {
			isa = PBXGroup;
			children = (
				9BEF63026C326535748E4413 /* DatabaseError.swift */,
				C62C894AD10632CB60DD1F66 /* DatabaseStore.swift */,
				ACC65D0C8886FF9CE89005FC /* LibraryRecord.swift */,
				6E9B47BDD3C9A38B5D4A42EF /* VideoRecord.swift */,
				9DC59AFC1307F5F5F6538178 /* LibraryAccessCoordinator.swift */,
				FB4BB370BB4FA0AB675F25C1 /* LibraryPicker.swift */,
				15C62EDEB4C2D8DA5E6B8E74 /* SecurityScopedResource.swift */,
				EA41D9789D8945375AD7017F /* AppLogger.swift */,
				E1228B8266925753845E5497 /* PreferencesStore.swift */,
				8EB36D1BF2B624D301ABE316 /* DiscoveredVideo.swift */,
				009BA5AFE4BDF6BAB811C2AF /* VideoFileDiscovery.swift */,
				0B86690771ECB0D3E455C463 /* AuthenticationService.swift */,
				2A9C040C18A8261BE74057EC /* LockCoordinator.swift */,
			);
			name = Core;
			path = Core;
			sourceTree = "<group>";
		};
		92E1A214C4C21ECA377B8E10 = {
			isa = PBXGroup;
			children = (
				716325AB4119B376FD06CAC4 /* Products */,
				68F8168D0F36C52F0AEFA219 /* Frameworks */,
				AE0DB49B541CD9F7CE956767 /* App */,
				76D887BF4377829429B126CE /* Core */,
				56BA86C8668A7C021D12A1F1 /* Features */,
				2C3D52A04F0FA7B204669DC4 /* Config */,
				333EBE66363420EE3F680198 /* Tests */,
			);
			sourceTree = "<group>";
		};
		AE0DB49B541CD9F7CE956767 /* App */ = {
			isa = PBXGroup;
			children = (
				0065EA3E35ACDB9342AB707A /* AppConfiguration.swift */,
				F8F89D35EC29AE98A79EE98A /* AppDelegate.swift */,
				D4B2C3C3FC6E0219053CF828 /* ApplicationCoordinator.swift */,
				45E6AADB842F080109E4A2CC /* MainWindowController.swift */,
			);
			name = App;
			path = App;
			sourceTree = "<group>";
		};
/* End PBXGroup section */

/* Begin PBXNativeTarget section */
		045105C1154EA6239691B3AB /* VideoTagManager */ = {
			isa = PBXNativeTarget;
			buildConfigurationList = 6B25E5D1DC211A07C644AF20 /* Build configuration list for PBXNativeTarget "VideoTagManager" */;
			buildPhases = (
				16E186BF2F7427D8AC82EB02 /* Sources */,
				850D10F23315DB956B7846BC /* Frameworks */,
				C5DE6DD10E821E8159BFF3F2 /* Resources */,
			);
			buildRules = (
			);
			dependencies = (
			);
			name = VideoTagManager;
			productName = VideoTagManager;
			productReference = DB2A411E8C72F5A20C8969D3 /* VideoTagManager.app */;
			productType = "com.apple.product-type.application";
		};
		9763FE726ABAF046CF0EE008 /* VideoTagManagerTests */ = {
			isa = PBXNativeTarget;
			buildConfigurationList = BEDE3054841C5775274975FA /* Build configuration list for PBXNativeTarget "VideoTagManagerTests" */;
			buildPhases = (
				96C3C041C09B11E486956875 /* Sources */,
				2170762512794C34B76D3B42 /* Frameworks */,
				CD4B883A7CD715FABD005E85 /* Resources */,
			);
			buildRules = (
			);
			dependencies = (
				365070288478BB113EC54DC8 /* PBXTargetDependency */,
			);
			name = VideoTagManagerTests;
			productName = VideoTagManagerTests;
			productReference = 4435D9BA9FE248B1AF844894 /* VideoTagManagerTests.xctest */;
			productType = "com.apple.product-type.bundle.unit-test";
		};
/* End PBXNativeTarget section */

/* Begin PBXProject section */
		7C8A8E7653A06F906BABCF64 /* Project object */ = {
			isa = PBXProject;
			attributes = {
				LastSwiftUpdateCheck = 2650;
				LastUpgradeCheck = 2650;
			};
			buildConfigurationList = AF0FF4558D9A63630146B7C0 /* Build configuration list for PBXProject "VideoTagManager" */;
			compatibilityVersion = "Xcode 3.2";
			developmentRegion = en;
			hasScannedForEncodings = 0;
			knownRegions = (
				en,
				Base,
			);
			mainGroup = 92E1A214C4C21ECA377B8E10;
			minimizedProjectReferenceProxies = 0;
			preferredProjectObjectVersion = 77;
			productRefGroup = 716325AB4119B376FD06CAC4 /* Products */;
			projectDirPath = "";
			projectRoot = "";
			targets = (
				045105C1154EA6239691B3AB /* VideoTagManager */,
				9763FE726ABAF046CF0EE008 /* VideoTagManagerTests */,
			);
		};
/* End PBXProject section */

/* Begin PBXResourcesBuildPhase section */
		C5DE6DD10E821E8159BFF3F2 /* Resources */ = {
			isa = PBXResourcesBuildPhase;
			buildActionMask = 2147483647;
			files = (
			);
			runOnlyForDeploymentPostprocessing = 0;
		};
		CD4B883A7CD715FABD005E85 /* Resources */ = {
			isa = PBXResourcesBuildPhase;
			buildActionMask = 2147483647;
			files = (
			);
			runOnlyForDeploymentPostprocessing = 0;
		};
/* End PBXResourcesBuildPhase section */

/* Begin PBXSourcesBuildPhase section */
		16E186BF2F7427D8AC82EB02 /* Sources */ = {
			isa = PBXSourcesBuildPhase;
			buildActionMask = 2147483647;
			files = (
				68D00FE47254DDDB8EFC588F /* AppConfiguration.swift in Sources */,
				881CD40839A3E0CA1744F090 /* AppDelegate.swift in Sources */,
				D049C54F2F21F90B389DCC1D /* ApplicationCoordinator.swift in Sources */,
				42FCAFFE7868918888F785C5 /* MainWindowController.swift in Sources */,
				31AC122FB92E85F742E020EC /* DatabaseError.swift in Sources */,
				5465B7E846BA96A052833F54 /* DatabaseStore.swift in Sources */,
				79BC89105D97037968F477C4 /* LibraryRecord.swift in Sources */,
				4B750E57F085E857F9053E7B /* VideoRecord.swift in Sources */,
				A41480CAB0744520FAA8247F /* LibraryAccessCoordinator.swift in Sources */,
				200FA52DD5E63013B2A4056E /* LibraryPicker.swift in Sources */,
				35C77F62BD17F0B26666F3F7 /* SecurityScopedResource.swift in Sources */,
				7D6EEEDF93F9355F974E4816 /* AppLogger.swift in Sources */,
				9B3436958AAF85A3FF20D303 /* PreferencesStore.swift in Sources */,
				8A1EDF3C05CC000CBA666D58 /* DiscoveredVideo.swift in Sources */,
				24C056D40045C3DBF8C959A6 /* VideoFileDiscovery.swift in Sources */,
				37F0A28AE71C26A1C72E0F25 /* AuthenticationService.swift in Sources */,
				6A9868AD18454A67E4DB1ED2 /* LockCoordinator.swift in Sources */,
				780ED2B47AE4EB04FA9A6AD6 /* InspectorViewController.swift in Sources */,
				8AD2190C78B129F9886959D0 /* LibrarySplitViewController.swift in Sources */,
				FCA49810DAC46F843F2BC4C1 /* SidebarModel.swift in Sources */,
				D6BA6CEB4F37F4FD8C04AA6A /* SidebarViewController.swift in Sources */,
				F200A0D4CD3DCA81A08884F3 /* VideoGridViewController.swift in Sources */,
				959AF33484B620C47DF7FECE /* LockView.swift in Sources */,
				E902B235BA9D37E27CCDC724 /* SettingsView.swift in Sources */,
				0D7D9E528BCF0BFDF7BEEC97 /* SettingsWindowController.swift in Sources */,
			);
			runOnlyForDeploymentPostprocessing = 0;
		};
		96C3C041C09B11E486956875 /* Sources */ = {
			isa = PBXSourcesBuildPhase;
			buildActionMask = 2147483647;
			files = (
				582B8E86D2F2C89BC5EFA086 /* DatabaseStoreTests.swift in Sources */,
				09CE5D36308F258773FA6649 /* LockCoordinatorTests.swift in Sources */,
				49E668F786053F1B132C1903 /* PreferencesStoreTests.swift in Sources */,
				9B1ACC27EC6A110DC4446E4D /* SidebarModelTests.swift in Sources */,
				0B38D98D90A08F889385A62D /* VideoFileDiscoveryTests.swift in Sources */,
			);
			runOnlyForDeploymentPostprocessing = 0;
		};
/* End PBXSourcesBuildPhase section */

/* Begin PBXTargetDependency section */
		365070288478BB113EC54DC8 /* PBXTargetDependency */ = {
			isa = PBXTargetDependency;
			name = VideoTagManager;
			target = 045105C1154EA6239691B3AB /* VideoTagManager */;
			targetProxy = 668315F029F795BD4D0103DE /* PBXContainerItemProxy */;
		};
/* End PBXTargetDependency section */

/* Begin XCBuildConfiguration section */
		02889FC3BF7996FDBBE1E79E /* Release */ = {
			isa = XCBuildConfiguration;
			buildSettings = {
				BUNDLE_LOADER = "$(TEST_HOST)";
				CLANG_ENABLE_MODULES = YES;
				CODE_SIGN_STYLE = Automatic;
				GENERATE_INFOPLIST_FILE = YES;
				MACOSX_DEPLOYMENT_TARGET = 14.0;
				PRODUCT_BUNDLE_IDENTIFIER = "com.larryisthere.video-tag-manager.tests";
				PRODUCT_NAME = VideoTagManagerTests;
				SDKROOT = macosx;
				SWIFT_STRICT_CONCURRENCY = complete;
				SWIFT_VERSION = 6.0;
				TEST_HOST = "$(BUILT_PRODUCTS_DIR)/VideoTagManager.app/Contents/MacOS/VideoTagManager";
			};
			name = Release;
		};
		1CA626DE1A6C6DF98D7F48EF /* Debug */ = {
			isa = XCBuildConfiguration;
			buildSettings = {
				ALWAYS_SEARCH_USER_PATHS = NO;
				CLANG_ANALYZER_NONNULL = YES;
				CLANG_ANALYZER_NUMBER_OBJECT_CONVERSION = YES_AGGRESSIVE;
				CLANG_CXX_LANGUAGE_STANDARD = "gnu++14";
				CLANG_CXX_LIBRARY = "libc++";
				CLANG_ENABLE_MODULES = YES;
				CLANG_ENABLE_OBJC_ARC = YES;
				CLANG_ENABLE_OBJC_WEAK = YES;
				CLANG_WARN_BLOCK_CAPTURE_AUTORELEASING = YES;
				CLANG_WARN_BOOL_CONVERSION = YES;
				CLANG_WARN_COMMA = YES;
				CLANG_WARN_CONSTANT_CONVERSION = YES;
				CLANG_WARN_DEPRECATED_OBJC_IMPLEMENTATIONS = YES;
				CLANG_WARN_DIRECT_OBJC_ISA_USAGE = YES_ERROR;
				CLANG_WARN_DOCUMENTATION_COMMENTS = YES;
				CLANG_WARN_EMPTY_BODY = YES;
				CLANG_WARN_ENUM_CONVERSION = YES;
				CLANG_WARN_INFINITE_RECURSION = YES;
				CLANG_WARN_INT_CONVERSION = YES;
				CLANG_WARN_NON_LITERAL_NULL_CONVERSION = YES;
				CLANG_WARN_OBJC_IMPLICIT_RETAIN_SELF = YES;
				CLANG_WARN_OBJC_LITERAL_CONVERSION = YES;
				CLANG_WARN_OBJC_ROOT_CLASS = YES_ERROR;
				CLANG_WARN_QUOTED_INCLUDE_IN_FRAMEWORK_HEADER = YES;
				CLANG_WARN_RANGE_LOOP_ANALYSIS = YES;
				CLANG_WARN_STRICT_PROTOTYPES = YES;
				CLANG_WARN_SUSPICIOUS_MOVE = YES;
				CLANG_WARN_UNGUARDED_AVAILABILITY = YES_AGGRESSIVE;
				CLANG_WARN_UNREACHABLE_CODE = YES;
				CLANG_WARN__DUPLICATE_METHOD_MATCH = YES;
				COPY_PHASE_STRIP = NO;
				DEBUG_INFORMATION_FORMAT = dwarf;
				ENABLE_STRICT_OBJC_MSGSEND = YES;
				ENABLE_TESTABILITY = YES;
				GCC_C_LANGUAGE_STANDARD = gnu11;
				GCC_DYNAMIC_NO_PIC = NO;
				GCC_NO_COMMON_BLOCKS = YES;
				GCC_OPTIMIZATION_LEVEL = 0;
				GCC_PREPROCESSOR_DEFINITIONS = (
					"DEBUG=1",
					"$(inherited)",
				);
				GCC_WARN_64_TO_32_BIT_CONVERSION = YES;
				GCC_WARN_ABOUT_RETURN_TYPE = YES_ERROR;
				GCC_WARN_UNDECLARED_SELECTOR = YES;
				GCC_WARN_UNINITIALIZED_AUTOS = YES_AGGRESSIVE;
				GCC_WARN_UNUSED_FUNCTION = YES;
				GCC_WARN_UNUSED_VARIABLE = YES;
				MTL_ENABLE_DEBUG_INFO = INCLUDE_SOURCE;
				MTL_FAST_MATH = YES;
				ONLY_ACTIVE_ARCH = YES;
				PRODUCT_NAME = "$(TARGET_NAME)";
				SWIFT_ACTIVE_COMPILATION_CONDITIONS = DEBUG;
				SWIFT_OPTIMIZATION_LEVEL = "-Onone";
				SWIFT_VERSION = 5.0;
			};
			name = Debug;
		};
		840277EF1DA7636BFBC3A89B /* Debug */ = {
			isa = XCBuildConfiguration;
			buildSettings = {
				BUNDLE_LOADER = "$(TEST_HOST)";
				CLANG_ENABLE_MODULES = YES;
				CODE_SIGN_STYLE = Automatic;
				GENERATE_INFOPLIST_FILE = YES;
				MACOSX_DEPLOYMENT_TARGET = 14.0;
				PRODUCT_BUNDLE_IDENTIFIER = "com.larryisthere.video-tag-manager.tests";
				PRODUCT_NAME = VideoTagManagerTests;
				SDKROOT = macosx;
				SWIFT_STRICT_CONCURRENCY = complete;
				SWIFT_VERSION = 6.0;
				TEST_HOST = "$(BUILT_PRODUCTS_DIR)/VideoTagManager.app/Contents/MacOS/VideoTagManager";
			};
			name = Debug;
		};
		9CACDBBC4131BEB0BE18E3BA /* Release */ = {
			isa = XCBuildConfiguration;
			buildSettings = {
				ALWAYS_SEARCH_USER_PATHS = NO;
				CLANG_ANALYZER_NONNULL = YES;
				CLANG_ANALYZER_NUMBER_OBJECT_CONVERSION = YES_AGGRESSIVE;
				CLANG_CXX_LANGUAGE_STANDARD = "gnu++14";
				CLANG_CXX_LIBRARY = "libc++";
				CLANG_ENABLE_MODULES = YES;
				CLANG_ENABLE_OBJC_ARC = YES;
				CLANG_ENABLE_OBJC_WEAK = YES;
				CLANG_WARN_BLOCK_CAPTURE_AUTORELEASING = YES;
				CLANG_WARN_BOOL_CONVERSION = YES;
				CLANG_WARN_COMMA = YES;
				CLANG_WARN_CONSTANT_CONVERSION = YES;
				CLANG_WARN_DEPRECATED_OBJC_IMPLEMENTATIONS = YES;
				CLANG_WARN_DIRECT_OBJC_ISA_USAGE = YES_ERROR;
				CLANG_WARN_DOCUMENTATION_COMMENTS = YES;
				CLANG_WARN_EMPTY_BODY = YES;
				CLANG_WARN_ENUM_CONVERSION = YES;
				CLANG_WARN_INFINITE_RECURSION = YES;
				CLANG_WARN_INT_CONVERSION = YES;
				CLANG_WARN_NON_LITERAL_NULL_CONVERSION = YES;
				CLANG_WARN_OBJC_IMPLICIT_RETAIN_SELF = YES;
				CLANG_WARN_OBJC_LITERAL_CONVERSION = YES;
				CLANG_WARN_OBJC_ROOT_CLASS = YES_ERROR;
				CLANG_WARN_QUOTED_INCLUDE_IN_FRAMEWORK_HEADER = YES;
				CLANG_WARN_RANGE_LOOP_ANALYSIS = YES;
				CLANG_WARN_STRICT_PROTOTYPES = YES;
				CLANG_WARN_SUSPICIOUS_MOVE = YES;
				CLANG_WARN_UNGUARDED_AVAILABILITY = YES_AGGRESSIVE;
				CLANG_WARN_UNREACHABLE_CODE = YES;
				CLANG_WARN__DUPLICATE_METHOD_MATCH = YES;
				COPY_PHASE_STRIP = NO;
				DEBUG_INFORMATION_FORMAT = "dwarf-with-dsym";
				ENABLE_NS_ASSERTIONS = NO;
				ENABLE_STRICT_OBJC_MSGSEND = YES;
				GCC_C_LANGUAGE_STANDARD = gnu11;
				GCC_NO_COMMON_BLOCKS = YES;
				GCC_WARN_64_TO_32_BIT_CONVERSION = YES;
				GCC_WARN_ABOUT_RETURN_TYPE = YES_ERROR;
				GCC_WARN_UNDECLARED_SELECTOR = YES;
				GCC_WARN_UNINITIALIZED_AUTOS = YES_AGGRESSIVE;
				GCC_WARN_UNUSED_FUNCTION = YES;
				GCC_WARN_UNUSED_VARIABLE = YES;
				MTL_ENABLE_DEBUG_INFO = NO;
				MTL_FAST_MATH = YES;
				PRODUCT_NAME = "$(TARGET_NAME)";
				SWIFT_COMPILATION_MODE = wholemodule;
				SWIFT_OPTIMIZATION_LEVEL = "-O";
				SWIFT_VERSION = 5.0;
			};
			name = Release;
		};
		F5A11F7F601BC83DE892F9BC /* Release */ = {
			isa = XCBuildConfiguration;
			buildSettings = {
				APP_DISPLAY_NAME = "Video Tag Manager";
				ASSETCATALOG_COMPILER_APPICON_NAME = AppIcon;
				ASSETCATALOG_COMPILER_GLOBAL_ACCENT_COLOR_NAME = AccentColor;
				CLANG_ENABLE_MODULES = YES;
				CODE_SIGN_ENTITLEMENTS = Config/VideoTagManager.entitlements;
				CODE_SIGN_STYLE = Automatic;
				COMBINE_HIDPI_IMAGES = YES;
				CURRENT_PROJECT_VERSION = 1;
				ENABLE_APP_SANDBOX = YES;
				ENABLE_HARDENED_RUNTIME = YES;
				GENERATE_INFOPLIST_FILE = NO;
				INFOPLIST_FILE = Config/Info.plist;
				LD_RUNPATH_SEARCH_PATHS = "$(inherited) @executable_path/../Frameworks";
				MACOSX_DEPLOYMENT_TARGET = 14.0;
				MARKETING_VERSION = 0.1.0;
				PRODUCT_BUNDLE_IDENTIFIER = "com.larryisthere.video-tag-manager";
				PRODUCT_NAME = VideoTagManager;
				SDKROOT = macosx;
				SWIFT_STRICT_CONCURRENCY = complete;
				SWIFT_VERSION = 6.0;
			};
			name = Release;
		};
		F68923BF41602F7C4B114890 /* Debug */ = {
			isa = XCBuildConfiguration;
			buildSettings = {
				APP_DISPLAY_NAME = "Video Tag Manager";
				ASSETCATALOG_COMPILER_APPICON_NAME = AppIcon;
				ASSETCATALOG_COMPILER_GLOBAL_ACCENT_COLOR_NAME = AccentColor;
				CLANG_ENABLE_MODULES = YES;
				CODE_SIGN_ENTITLEMENTS = Config/VideoTagManager.entitlements;
				CODE_SIGN_STYLE = Automatic;
				COMBINE_HIDPI_IMAGES = YES;
				CURRENT_PROJECT_VERSION = 1;
				ENABLE_APP_SANDBOX = YES;
				ENABLE_HARDENED_RUNTIME = YES;
				GENERATE_INFOPLIST_FILE = NO;
				INFOPLIST_FILE = Config/Info.plist;
				LD_RUNPATH_SEARCH_PATHS = "$(inherited) @executable_path/../Frameworks";
				MACOSX_DEPLOYMENT_TARGET = 14.0;
				MARKETING_VERSION = 0.1.0;
				PRODUCT_BUNDLE_IDENTIFIER = "com.larryisthere.video-tag-manager";
				PRODUCT_NAME = VideoTagManager;
				SDKROOT = macosx;
				SWIFT_STRICT_CONCURRENCY = complete;
				SWIFT_VERSION = 6.0;
			};
			name = Debug;
		};
/* End XCBuildConfiguration section */

/* Begin XCConfigurationList section */
		6B25E5D1DC211A07C644AF20 /* Build configuration list for PBXNativeTarget "VideoTagManager" */ = {
			isa = XCConfigurationList;
			buildConfigurations = (
				F5A11F7F601BC83DE892F9BC /* Release */,
				F68923BF41602F7C4B114890 /* Debug */,
			);
			defaultConfigurationIsVisible = 0;
			defaultConfigurationName = Release;
		};
		AF0FF4558D9A63630146B7C0 /* Build configuration list for PBXProject "VideoTagManager" */ = {
			isa = XCConfigurationList;
			buildConfigurations = (
				1CA626DE1A6C6DF98D7F48EF /* Debug */,
				9CACDBBC4131BEB0BE18E3BA /* Release */,
			);
			defaultConfigurationIsVisible = 0;
			defaultConfigurationName = Release;
		};
		BEDE3054841C5775274975FA /* Build configuration list for PBXNativeTarget "VideoTagManagerTests" */ = {
			isa = XCConfigurationList;
			buildConfigurations = (
				02889FC3BF7996FDBBE1E79E /* Release */,
				840277EF1DA7636BFBC3A89B /* Debug */,
			);
			defaultConfigurationIsVisible = 0;
			defaultConfigurationName = Release;
		};
/* End XCConfigurationList section */
	};
	rootObject = 7C8A8E7653A06F906BABCF64 /* Project object */;
}
