// !$*UTF8*$!
{
	archiveVersion = 1;
	classes = {
	};
	objectVersion = 54;
	objects = {

/* Begin PBXBuildFile section */
		035724ABB602F506C8722631 /* AppConfiguration.swift in Sources */ = {isa = PBXBuildFile; fileRef = 69323B27400CD3637B980311 /* AppConfiguration.swift */; };
		094938578441E9B6D1B51099 /* InspectorViewController.swift in Sources */ = {isa = PBXBuildFile; fileRef = CB2E252D426AB761A06F5F9F /* InspectorViewController.swift */; };
		0C54A3A5BC0A2404DCA91C8D /* LibrarySplitViewController.swift in Sources */ = {isa = PBXBuildFile; fileRef = 4ECC7AA422EA282386D5974C /* LibrarySplitViewController.swift */; };
		0EA6CA27889C08E04FAC7081 /* LockView.swift in Sources */ = {isa = PBXBuildFile; fileRef = C2129BA05EEE64F81130DCAB /* LockView.swift */; };
		0FF78C6B4BF2B5E23A6B00C1 /* MediaProcessingServiceTests.swift in Sources */ = {isa = PBXBuildFile; fileRef = C6074EECBDF10CF9B772C1A5 /* MediaProcessingServiceTests.swift */; };
		166E1B59532BD73E7703EEB5 /* DiscoveredVideo.swift in Sources */ = {isa = PBXBuildFile; fileRef = 9E2C6570CE48CDD9E241BA29 /* DiscoveredVideo.swift */; };
		1BC19C08DDA40CFEE5BDABED /* LibraryRecord.swift in Sources */ = {isa = PBXBuildFile; fileRef = 15D2DC162E023FE6C61C744E /* LibraryRecord.swift */; };
		1C1B65FF73D4A4735CE177E8 /* ApplicationCoordinator.swift in Sources */ = {isa = PBXBuildFile; fileRef = 65BC78F7B6A61CB148B1483D /* ApplicationCoordinator.swift */; };
		1CD2C0755FE991270B80D231 /* TagRecord.swift in Sources */ = {isa = PBXBuildFile; fileRef = 851696AF2C5AB56678B796BC /* TagRecord.swift */; };
		1E40E58D5FC7F491D7B2D1D9 /* SidebarViewController.swift in Sources */ = {isa = PBXBuildFile; fileRef = 999DD897E04F33DB96FBAF98 /* SidebarViewController.swift */; };
		1E908D672F65231A67801238 /* SidebarModelTests.swift in Sources */ = {isa = PBXBuildFile; fileRef = AE9CC8AA63A88BF3576BA8A8 /* SidebarModelTests.swift */; };
		2624A94A0C0529BE610CA635 /* VideoFileDiscoveryTests.swift in Sources */ = {isa = PBXBuildFile; fileRef = 4BE57EA82D27A64C7E43A55F /* VideoFileDiscoveryTests.swift */; };
		26EDD4D529BFD1ECF201FC6A /* AppLogger.swift in Sources */ = {isa = PBXBuildFile; fileRef = 8CB7F93F07756F716819CAB2 /* AppLogger.swift */; };
		3CAA3D40356EDCAAA5BBC500 /* LockCoordinatorTests.swift in Sources */ = {isa = PBXBuildFile; fileRef = 935F50B9F553D34C8563B4C9 /* LockCoordinatorTests.swift */; };
		3D9BF8338051025B82BFCA63 /* AppDelegate.swift in Sources */ = {isa = PBXBuildFile; fileRef = E90739611A6585A639F67C8B /* AppDelegate.swift */; };
		472EF7BDBBD5FC5C590C8193 /* Cocoa.framework in Frameworks */ = {isa = PBXBuildFile; fileRef = 500321485A35B89955B04774 /* Cocoa.framework */; };
		5DABD04A558E536DE42A1F37 /* VideoFileDiscovery.swift in Sources */ = {isa = PBXBuildFile; fileRef = 5237BD0DF7ABF874685A3BB8 /* VideoFileDiscovery.swift */; };
		61351CBC0635DFCC9E031CC6 /* LibraryAccessCoordinator.swift in Sources */ = {isa = PBXBuildFile; fileRef = E4029ADF262271DF7E08646D /* LibraryAccessCoordinator.swift */; };
		665BB794F745734AA0EFA7F6 /* LockCoordinator.swift in Sources */ = {isa = PBXBuildFile; fileRef = 883FE7170807F701A3AEF3EB /* LockCoordinator.swift */; };
		6CC92A5E13172166B54CDEB7 /* DatabaseStoreTests.swift in Sources */ = {isa = PBXBuildFile; fileRef = 44AF8E8E0BCA58C395F60A5F /* DatabaseStoreTests.swift */; };
		6F03F16230753D48AB463C19 /* FSEventsWatcher.swift in Sources */ = {isa = PBXBuildFile; fileRef = 480AAB545D565E60839B7D93 /* FSEventsWatcher.swift */; };
		7915FBC0FADC8DB295940D05 /* LibraryPicker.swift in Sources */ = {isa = PBXBuildFile; fileRef = 85675FA81681865A060D3602 /* LibraryPicker.swift */; };
		7DB2D23AF1009554B9C3BA4D /* MainWindowController.swift in Sources */ = {isa = PBXBuildFile; fileRef = 932A36E631207B2E8F36909B /* MainWindowController.swift */; };
		87E3EE336E625670C65CB595 /* VideoRecord.swift in Sources */ = {isa = PBXBuildFile; fileRef = EE8224925FB1BE4387013B4D /* VideoRecord.swift */; };
		9379E9915463B27A14C6F77C /* Cocoa.framework in Frameworks */ = {isa = PBXBuildFile; fileRef = 500321485A35B89955B04774 /* Cocoa.framework */; };
		9AF05198436650CF3898E5F0 /* VideoGridViewController.swift in Sources */ = {isa = PBXBuildFile; fileRef = A1FF02AA6C391F4A09600494 /* VideoGridViewController.swift */; };
		A11C0A000000000000000001 /* Assets.xcassets in Resources */ = {isa = PBXBuildFile; fileRef = A11C0A000000000000000002 /* Assets.xcassets */; };
		AC4206539E27EB777B8523C7 /* MediaProcessingService.swift in Sources */ = {isa = PBXBuildFile; fileRef = EC01ADC3215507585598FE5D /* MediaProcessingService.swift */; };
		B8D55C07D945D4C28EE0A8BD /* DatabaseStore.swift in Sources */ = {isa = PBXBuildFile; fileRef = 3891FB80CD353B9DEBC4E4AF /* DatabaseStore.swift */; };
		C172706BE997D15C1D10FF5D /* AuthenticationService.swift in Sources */ = {isa = PBXBuildFile; fileRef = DF4B385CF17799F7594B30A2 /* AuthenticationService.swift */; };
		D0109FDB87583764B7BF9312 /* DatabaseError.swift in Sources */ = {isa = PBXBuildFile; fileRef = FEFBAF600C86686F674B5B51 /* DatabaseError.swift */; };
		D4FE04895A1AB608482B131C /* SidebarModel.swift in Sources */ = {isa = PBXBuildFile; fileRef = C520765DD1E9E7CB1BA8D58C /* SidebarModel.swift */; };
		DE34B24788E52FD6CB87C1AA /* SettingsView.swift in Sources */ = {isa = PBXBuildFile; fileRef = 1C41AD9187D543FB0D85B6AD /* SettingsView.swift */; };
		DF49AD9A88819521E8985E78 /* PreferencesStoreTests.swift in Sources */ = {isa = PBXBuildFile; fileRef = 97EB9F42F6AE50FE1F8671DE /* PreferencesStoreTests.swift */; };
		E1832C337F43FF646B3C1252 /* PreferencesStore.swift in Sources */ = {isa = PBXBuildFile; fileRef = 11D83A96E7A2BC52803CC7D9 /* PreferencesStore.swift */; };
		E8BCC961F2C8724F76B141E4 /* SecurityScopedResource.swift in Sources */ = {isa = PBXBuildFile; fileRef = 9DB6000E03913CDFF89032FF /* SecurityScopedResource.swift */; };
/* End PBXBuildFile section */

/* Begin PBXContainerItemProxy section */
		DBEAE6FB6D7F11E16E4EA4DC /* PBXContainerItemProxy */ = {
			isa = PBXContainerItemProxy;
			containerPortal = 6E7D62850F7CC92DA2BDC4CA /* Project object */;
			proxyType = 1;
			remoteGlobalIDString = 17F946906C98A5F616DE5E00;
			remoteInfo = VideoTagManager;
		};
/* End PBXContainerItemProxy section */

/* Begin PBXFileReference section */
		00218ADF00AE850CA7FEA287 /* VideoTagManagerTests.xctest */ = {isa = PBXFileReference; explicitFileType = wrapper.cfbundle; includeInIndex = 0; path = VideoTagManagerTests.xctest; sourceTree = BUILT_PRODUCTS_DIR; };
		01EE661DF4D0B2DE750D896A /* FileFacet.app */ = {isa = PBXFileReference; explicitFileType = wrapper.application; includeInIndex = 0; path = FileFacet.app; sourceTree = BUILT_PRODUCTS_DIR; };
		11D83A96E7A2BC52803CC7D9 /* PreferencesStore.swift */ = {isa = PBXFileReference; includeInIndex = 1; lastKnownFileType = sourcecode.swift; name = PreferencesStore.swift; path = Preferences/PreferencesStore.swift; sourceTree = "<group>"; };
		15D2DC162E023FE6C61C744E /* LibraryRecord.swift */ = {isa = PBXFileReference; includeInIndex = 1; lastKnownFileType = sourcecode.swift; name = LibraryRecord.swift; path = Database/LibraryRecord.swift; sourceTree = "<group>"; };
		1C41AD9187D543FB0D85B6AD /* SettingsView.swift */ = {isa = PBXFileReference; includeInIndex = 1; lastKnownFileType = sourcecode.swift; name = SettingsView.swift; path = Settings/SettingsView.swift; sourceTree = "<group>"; };
		3891FB80CD353B9DEBC4E4AF /* DatabaseStore.swift */ = {isa = PBXFileReference; includeInIndex = 1; lastKnownFileType = sourcecode.swift; name = DatabaseStore.swift; path = Database/DatabaseStore.swift; sourceTree = "<group>"; };
		44AF8E8E0BCA58C395F60A5F /* DatabaseStoreTests.swift */ = {isa = PBXFileReference; includeInIndex = 1; lastKnownFileType = sourcecode.swift; path = DatabaseStoreTests.swift; sourceTree = "<group>"; };
		480AAB545D565E60839B7D93 /* FSEventsWatcher.swift */ = {isa = PBXFileReference; includeInIndex = 1; lastKnownFileType = sourcecode.swift; name = FSEventsWatcher.swift; path = Scanning/FSEventsWatcher.swift; sourceTree = "<group>"; };
		4BE57EA82D27A64C7E43A55F /* VideoFileDiscoveryTests.swift */ = {isa = PBXFileReference; includeInIndex = 1; lastKnownFileType = sourcecode.swift; path = VideoFileDiscoveryTests.swift; sourceTree = "<group>"; };
		4ECC7AA422EA282386D5974C /* LibrarySplitViewController.swift */ = {isa = PBXFileReference; includeInIndex = 1; lastKnownFileType = sourcecode.swift; name = LibrarySplitViewController.swift; path = Library/LibrarySplitViewController.swift; sourceTree = "<group>"; };
		500321485A35B89955B04774 /* Cocoa.framework */ = {isa = PBXFileReference; lastKnownFileType = wrapper.framework; name = Cocoa.framework; path = Platforms/MacOSX.platform/Developer/SDKs/MacOSX15.0.sdk/System/Library/Frameworks/Cocoa.framework; sourceTree = DEVELOPER_DIR; };
		5237BD0DF7ABF874685A3BB8 /* VideoFileDiscovery.swift */ = {isa = PBXFileReference; includeInIndex = 1; lastKnownFileType = sourcecode.swift; name = VideoFileDiscovery.swift; path = Scanning/VideoFileDiscovery.swift; sourceTree = "<group>"; };
		65BC78F7B6A61CB148B1483D /* ApplicationCoordinator.swift */ = {isa = PBXFileReference; includeInIndex = 1; lastKnownFileType = sourcecode.swift; path = ApplicationCoordinator.swift; sourceTree = "<group>"; };
		66647030C303C90DD350FAC1 /* Info.plist */ = {isa = PBXFileReference; includeInIndex = 1; lastKnownFileType = text.plist.xml; path = Info.plist; sourceTree = "<group>"; };
		69323B27400CD3637B980311 /* AppConfiguration.swift */ = {isa = PBXFileReference; includeInIndex = 1; lastKnownFileType = sourcecode.swift; path = AppConfiguration.swift; sourceTree = "<group>"; };
		851696AF2C5AB56678B796BC /* TagRecord.swift */ = {isa = PBXFileReference; includeInIndex = 1; lastKnownFileType = sourcecode.swift; name = TagRecord.swift; path = Database/TagRecord.swift; sourceTree = "<group>"; };
		85675FA81681865A060D3602 /* LibraryPicker.swift */ = {isa = PBXFileReference; includeInIndex = 1; lastKnownFileType = sourcecode.swift; name = LibraryPicker.swift; path = FileAccess/LibraryPicker.swift; sourceTree = "<group>"; };
		883FE7170807F701A3AEF3EB /* LockCoordinator.swift */ = {isa = PBXFileReference; includeInIndex = 1; lastKnownFileType = sourcecode.swift; name = LockCoordinator.swift; path = Security/LockCoordinator.swift; sourceTree = "<group>"; };
		8CB7F93F07756F716819CAB2 /* AppLogger.swift */ = {isa = PBXFileReference; includeInIndex = 1; lastKnownFileType = sourcecode.swift; name = AppLogger.swift; path = Logging/AppLogger.swift; sourceTree = "<group>"; };
		932A36E631207B2E8F36909B /* MainWindowController.swift */ = {isa = PBXFileReference; includeInIndex = 1; lastKnownFileType = sourcecode.swift; path = MainWindowController.swift; sourceTree = "<group>"; };
		935F50B9F553D34C8563B4C9 /* LockCoordinatorTests.swift */ = {isa = PBXFileReference; includeInIndex = 1; lastKnownFileType = sourcecode.swift; path = LockCoordinatorTests.swift; sourceTree = "<group>"; };
		97EB9F42F6AE50FE1F8671DE /* PreferencesStoreTests.swift */ = {isa = PBXFileReference; includeInIndex = 1; lastKnownFileType = sourcecode.swift; path = PreferencesStoreTests.swift; sourceTree = "<group>"; };
		999DD897E04F33DB96FBAF98 /* SidebarViewController.swift */ = {isa = PBXFileReference; includeInIndex = 1; lastKnownFileType = sourcecode.swift; name = SidebarViewController.swift; path = Library/SidebarViewController.swift; sourceTree = "<group>"; };
		9DB6000E03913CDFF89032FF /* SecurityScopedResource.swift */ = {isa = PBXFileReference; includeInIndex = 1; lastKnownFileType = sourcecode.swift; name = SecurityScopedResource.swift; path = FileAccess/SecurityScopedResource.swift; sourceTree = "<group>"; };
		9E2C6570CE48CDD9E241BA29 /* DiscoveredVideo.swift */ = {isa = PBXFileReference; includeInIndex = 1; lastKnownFileType = sourcecode.swift; name = DiscoveredVideo.swift; path = Scanning/DiscoveredVideo.swift; sourceTree = "<group>"; };
		A11C0A000000000000000002 /* Assets.xcassets */ = {isa = PBXFileReference; lastKnownFileType = folder.assetcatalog; path = Assets.xcassets; sourceTree = "<group>"; };
		A1FF02AA6C391F4A09600494 /* VideoGridViewController.swift */ = {isa = PBXFileReference; includeInIndex = 1; lastKnownFileType = sourcecode.swift; name = VideoGridViewController.swift; path = Library/VideoGridViewController.swift; sourceTree = "<group>"; };
		AE9CC8AA63A88BF3576BA8A8 /* SidebarModelTests.swift */ = {isa = PBXFileReference; includeInIndex = 1; lastKnownFileType = sourcecode.swift; path = SidebarModelTests.swift; sourceTree = "<group>"; };
		C2129BA05EEE64F81130DCAB /* LockView.swift */ = {isa = PBXFileReference; includeInIndex = 1; lastKnownFileType = sourcecode.swift; name = LockView.swift; path = Lock/LockView.swift; sourceTree = "<group>"; };
		C520765DD1E9E7CB1BA8D58C /* SidebarModel.swift */ = {isa = PBXFileReference; includeInIndex = 1; lastKnownFileType = sourcecode.swift; name = SidebarModel.swift; path = Library/SidebarModel.swift; sourceTree = "<group>"; };
		C6074EECBDF10CF9B772C1A5 /* MediaProcessingServiceTests.swift */ = {isa = PBXFileReference; includeInIndex = 1; lastKnownFileType = sourcecode.swift; path = MediaProcessingServiceTests.swift; sourceTree = "<group>"; };
		CB2E252D426AB761A06F5F9F /* InspectorViewController.swift */ = {isa = PBXFileReference; includeInIndex = 1; lastKnownFileType = sourcecode.swift; name = InspectorViewController.swift; path = Library/InspectorViewController.swift; sourceTree = "<group>"; };
		DF4B385CF17799F7594B30A2 /* AuthenticationService.swift */ = {isa = PBXFileReference; includeInIndex = 1; lastKnownFileType = sourcecode.swift; name = AuthenticationService.swift; path = Security/AuthenticationService.swift; sourceTree = "<group>"; };
		E4029ADF262271DF7E08646D /* LibraryAccessCoordinator.swift */ = {isa = PBXFileReference; includeInIndex = 1; lastKnownFileType = sourcecode.swift; name = LibraryAccessCoordinator.swift; path = FileAccess/LibraryAccessCoordinator.swift; sourceTree = "<group>"; };
		E90739611A6585A639F67C8B /* AppDelegate.swift */ = {isa = PBXFileReference; includeInIndex = 1; lastKnownFileType = sourcecode.swift; path = AppDelegate.swift; sourceTree = "<group>"; };
		EB8493748ABD6ED90C570F0D /* VideoTagManager.entitlements */ = {isa = PBXFileReference; includeInIndex = 1; lastKnownFileType = text.plist.entitlements; path = VideoTagManager.entitlements; sourceTree = "<group>"; };
		EC01ADC3215507585598FE5D /* MediaProcessingService.swift */ = {isa = PBXFileReference; includeInIndex = 1; lastKnownFileType = sourcecode.swift; name = MediaProcessingService.swift; path = Media/MediaProcessingService.swift; sourceTree = "<group>"; };
		EE8224925FB1BE4387013B4D /* VideoRecord.swift */ = {isa = PBXFileReference; includeInIndex = 1; lastKnownFileType = sourcecode.swift; name = VideoRecord.swift; path = Database/VideoRecord.swift; sourceTree = "<group>"; };
		FEFBAF600C86686F674B5B51 /* DatabaseError.swift */ = {isa = PBXFileReference; includeInIndex = 1; lastKnownFileType = sourcecode.swift; name = DatabaseError.swift; path = Database/DatabaseError.swift; sourceTree = "<group>"; };
/* End PBXFileReference section */

/* Begin PBXFrameworksBuildPhase section */
		C3BE196B6DC5B8B2D717CA7C /* Frameworks */ = {
			isa = PBXFrameworksBuildPhase;
			buildActionMask = 2147483647;
			files = (
				9379E9915463B27A14C6F77C /* Cocoa.framework in Frameworks */,
			);
			runOnlyForDeploymentPostprocessing = 0;
		};
		EE1B44C1479F130CE7432072 /* Frameworks */ = {
			isa = PBXFrameworksBuildPhase;
			buildActionMask = 2147483647;
			files = (
				472EF7BDBBD5FC5C590C8193 /* Cocoa.framework in Frameworks */,
			);
			runOnlyForDeploymentPostprocessing = 0;
		};
/* End PBXFrameworksBuildPhase section */

/* Begin PBXGroup section */
		0D7CFE4C1B02A400207F6BBB = {
			isa = PBXGroup;
			children = (
				1A2A067EFF624CFD47B33B2B /* Products */,
				57D975495F446BA1A4B061BB /* Frameworks */,
				54CAC35179CD2C112E51ED41 /* App */,
				B1DD08412029924F82FDE85A /* Core */,
				CF3FF8AE804B3C3253EED741 /* Features */,
				9C994A993646487BC6F3B8E8 /* Config */,
				A11C0A000000000000000003 /* Resources */,
				9B068F066B3CFA2CA5351BD6 /* Tests */,
			);
			sourceTree = "<group>";
		};
		1A2A067EFF624CFD47B33B2B /* Products */ = {
			isa = PBXGroup;
			children = (
				01EE661DF4D0B2DE750D896A /* FileFacet.app */,
				00218ADF00AE850CA7FEA287 /* VideoTagManagerTests.xctest */,
			);
			name = Products;
			sourceTree = "<group>";
		};
		54CAC35179CD2C112E51ED41 /* App */ = {
			isa = PBXGroup;
			children = (
				69323B27400CD3637B980311 /* AppConfiguration.swift */,
				E90739611A6585A639F67C8B /* AppDelegate.swift */,
				65BC78F7B6A61CB148B1483D /* ApplicationCoordinator.swift */,
				932A36E631207B2E8F36909B /* MainWindowController.swift */,
			);
			path = App;
			sourceTree = "<group>";
		};
		57D975495F446BA1A4B061BB /* Frameworks */ = {
			isa = PBXGroup;
			children = (
				EF9FCA822CFD02ADD8D318DD /* OS X */,
			);
			name = Frameworks;
			sourceTree = "<group>";
		};
		9B068F066B3CFA2CA5351BD6 /* Tests */ = {
			isa = PBXGroup;
			children = (
				44AF8E8E0BCA58C395F60A5F /* DatabaseStoreTests.swift */,
				935F50B9F553D34C8563B4C9 /* LockCoordinatorTests.swift */,
				C6074EECBDF10CF9B772C1A5 /* MediaProcessingServiceTests.swift */,
				97EB9F42F6AE50FE1F8671DE /* PreferencesStoreTests.swift */,
				AE9CC8AA63A88BF3576BA8A8 /* SidebarModelTests.swift */,
				4BE57EA82D27A64C7E43A55F /* VideoFileDiscoveryTests.swift */,
			);
			path = Tests;
			sourceTree = "<group>";
		};
		9C994A993646487BC6F3B8E8 /* Config */ = {
			isa = PBXGroup;
			children = (
				66647030C303C90DD350FAC1 /* Info.plist */,
				EB8493748ABD6ED90C570F0D /* VideoTagManager.entitlements */,
			);
			path = Config;
			sourceTree = "<group>";
		};
		A11C0A000000000000000003 /* Resources */ = {
			isa = PBXGroup;
			children = (
				A11C0A000000000000000002 /* Assets.xcassets */,
			);
			path = Resources;
			sourceTree = "<group>";
		};
		B1DD08412029924F82FDE85A /* Core */ = {
			isa = PBXGroup;
			children = (
				FEFBAF600C86686F674B5B51 /* DatabaseError.swift */,
				3891FB80CD353B9DEBC4E4AF /* DatabaseStore.swift */,
				15D2DC162E023FE6C61C744E /* LibraryRecord.swift */,
				851696AF2C5AB56678B796BC /* TagRecord.swift */,
				EE8224925FB1BE4387013B4D /* VideoRecord.swift */,
				E4029ADF262271DF7E08646D /* LibraryAccessCoordinator.swift */,
				85675FA81681865A060D3602 /* LibraryPicker.swift */,
				9DB6000E03913CDFF89032FF /* SecurityScopedResource.swift */,
				8CB7F93F07756F716819CAB2 /* AppLogger.swift */,
				EC01ADC3215507585598FE5D /* MediaProcessingService.swift */,
				11D83A96E7A2BC52803CC7D9 /* PreferencesStore.swift */,
				9E2C6570CE48CDD9E241BA29 /* DiscoveredVideo.swift */,
				480AAB545D565E60839B7D93 /* FSEventsWatcher.swift */,
				5237BD0DF7ABF874685A3BB8 /* VideoFileDiscovery.swift */,
				DF4B385CF17799F7594B30A2 /* AuthenticationService.swift */,
				883FE7170807F701A3AEF3EB /* LockCoordinator.swift */,
			);
			path = Core;
			sourceTree = "<group>";
		};
		CF3FF8AE804B3C3253EED741 /* Features */ = {
			isa = PBXGroup;
			children = (
				CB2E252D426AB761A06F5F9F /* InspectorViewController.swift */,
				4ECC7AA422EA282386D5974C /* LibrarySplitViewController.swift */,
				C520765DD1E9E7CB1BA8D58C /* SidebarModel.swift */,
				999DD897E04F33DB96FBAF98 /* SidebarViewController.swift */,
				A1FF02AA6C391F4A09600494 /* VideoGridViewController.swift */,
				C2129BA05EEE64F81130DCAB /* LockView.swift */,
				1C41AD9187D543FB0D85B6AD /* SettingsView.swift */,
			);
			path = Features;
			sourceTree = "<group>";
		};
		EF9FCA822CFD02ADD8D318DD /* OS X */ = {
			isa = PBXGroup;
			children = (
				500321485A35B89955B04774 /* Cocoa.framework */,
			);
			name = "OS X";
			sourceTree = "<group>";
		};
/* End PBXGroup section */

/* Begin PBXNativeTarget section */
		17F946906C98A5F616DE5E00 /* VideoTagManager */ = {
			isa = PBXNativeTarget;
			buildConfigurationList = 763719074838948939D95DAC /* Build configuration list for PBXNativeTarget "VideoTagManager" */;
			buildPhases = (
				02003947F0995173A282EEB2 /* Sources */,
				EE1B44C1479F130CE7432072 /* Frameworks */,
				1000BF4A8D98FECD18B6439B /* Resources */,
			);
			buildRules = (
			);
			dependencies = (
			);
			name = VideoTagManager;
			productName = VideoTagManager;
			productReference = 01EE661DF4D0B2DE750D896A /* FileFacet.app */;
			productType = "com.apple.product-type.application";
		};
		24ED2A4FCC6EEE5349142A89 /* VideoTagManagerTests */ = {
			isa = PBXNativeTarget;
			buildConfigurationList = FCD86F62FD5C761E836751D5 /* Build configuration list for PBXNativeTarget "VideoTagManagerTests" */;
			buildPhases = (
				37F0F76A36B69F92E796BFEA /* Sources */,
				C3BE196B6DC5B8B2D717CA7C /* Frameworks */,
				1ABE75238B01DE31FEC81301 /* Resources */,
			);
			buildRules = (
			);
			dependencies = (
				1EF00EDEEDCE1D8A1701D325 /* PBXTargetDependency */,
			);
			name = VideoTagManagerTests;
			productName = VideoTagManagerTests;
			productReference = 00218ADF00AE850CA7FEA287 /* VideoTagManagerTests.xctest */;
			productType = "com.apple.product-type.bundle.unit-test";
		};
/* End PBXNativeTarget section */

/* Begin PBXProject section */
		6E7D62850F7CC92DA2BDC4CA /* Project object */ = {
			isa = PBXProject;
			attributes = {
				BuildIndependentTargetsInParallel = YES;
				LastSwiftUpdateCheck = 2650;
				LastUpgradeCheck = 2650;
			};
			buildConfigurationList = F1449509B56A680AA73326AD /* Build configuration list for PBXProject "VideoTagManager" */;
			compatibilityVersion = "Xcode 3.2";
			developmentRegion = en;
			hasScannedForEncodings = 0;
			knownRegions = (
				en,
				Base,
			);
			mainGroup = 0D7CFE4C1B02A400207F6BBB;
			productRefGroup = 1A2A067EFF624CFD47B33B2B /* Products */;
			projectDirPath = "";
			projectRoot = "";
			targets = (
				17F946906C98A5F616DE5E00 /* VideoTagManager */,
				24ED2A4FCC6EEE5349142A89 /* VideoTagManagerTests */,
			);
		};
/* End PBXProject section */

/* Begin PBXResourcesBuildPhase section */
		1000BF4A8D98FECD18B6439B /* Resources */ = {
			isa = PBXResourcesBuildPhase;
			buildActionMask = 2147483647;
			files = (
				A11C0A000000000000000001 /* Assets.xcassets in Resources */,
			);
			runOnlyForDeploymentPostprocessing = 0;
		};
		1ABE75238B01DE31FEC81301 /* Resources */ = {
			isa = PBXResourcesBuildPhase;
			buildActionMask = 2147483647;
			files = (
			);
			runOnlyForDeploymentPostprocessing = 0;
		};
/* End PBXResourcesBuildPhase section */

/* Begin PBXSourcesBuildPhase section */
		02003947F0995173A282EEB2 /* Sources */ = {
			isa = PBXSourcesBuildPhase;
			buildActionMask = 2147483647;
			files = (
				035724ABB602F506C8722631 /* AppConfiguration.swift in Sources */,
				3D9BF8338051025B82BFCA63 /* AppDelegate.swift in Sources */,
				1C1B65FF73D4A4735CE177E8 /* ApplicationCoordinator.swift in Sources */,
				7DB2D23AF1009554B9C3BA4D /* MainWindowController.swift in Sources */,
				D0109FDB87583764B7BF9312 /* DatabaseError.swift in Sources */,
				B8D55C07D945D4C28EE0A8BD /* DatabaseStore.swift in Sources */,
				1BC19C08DDA40CFEE5BDABED /* LibraryRecord.swift in Sources */,
				1CD2C0755FE991270B80D231 /* TagRecord.swift in Sources */,
				87E3EE336E625670C65CB595 /* VideoRecord.swift in Sources */,
				61351CBC0635DFCC9E031CC6 /* LibraryAccessCoordinator.swift in Sources */,
				7915FBC0FADC8DB295940D05 /* LibraryPicker.swift in Sources */,
				E8BCC961F2C8724F76B141E4 /* SecurityScopedResource.swift in Sources */,
				26EDD4D529BFD1ECF201FC6A /* AppLogger.swift in Sources */,
				AC4206539E27EB777B8523C7 /* MediaProcessingService.swift in Sources */,
				E1832C337F43FF646B3C1252 /* PreferencesStore.swift in Sources */,
				166E1B59532BD73E7703EEB5 /* DiscoveredVideo.swift in Sources */,
				6F03F16230753D48AB463C19 /* FSEventsWatcher.swift in Sources */,
				5DABD04A558E536DE42A1F37 /* VideoFileDiscovery.swift in Sources */,
				C172706BE997D15C1D10FF5D /* AuthenticationService.swift in Sources */,
				665BB794F745734AA0EFA7F6 /* LockCoordinator.swift in Sources */,
				094938578441E9B6D1B51099 /* InspectorViewController.swift in Sources */,
				0C54A3A5BC0A2404DCA91C8D /* LibrarySplitViewController.swift in Sources */,
				D4FE04895A1AB608482B131C /* SidebarModel.swift in Sources */,
				1E40E58D5FC7F491D7B2D1D9 /* SidebarViewController.swift in Sources */,
				9AF05198436650CF3898E5F0 /* VideoGridViewController.swift in Sources */,
				0EA6CA27889C08E04FAC7081 /* LockView.swift in Sources */,
				DE34B24788E52FD6CB87C1AA /* SettingsView.swift in Sources */,
			);
			runOnlyForDeploymentPostprocessing = 0;
		};
		37F0F76A36B69F92E796BFEA /* Sources */ = {
			isa = PBXSourcesBuildPhase;
			buildActionMask = 2147483647;
			files = (
				6CC92A5E13172166B54CDEB7 /* DatabaseStoreTests.swift in Sources */,
				3CAA3D40356EDCAAA5BBC500 /* LockCoordinatorTests.swift in Sources */,
				0FF78C6B4BF2B5E23A6B00C1 /* MediaProcessingServiceTests.swift in Sources */,
				DF49AD9A88819521E8985E78 /* PreferencesStoreTests.swift in Sources */,
				1E908D672F65231A67801238 /* SidebarModelTests.swift in Sources */,
				2624A94A0C0529BE610CA635 /* VideoFileDiscoveryTests.swift in Sources */,
			);
			runOnlyForDeploymentPostprocessing = 0;
		};
/* End PBXSourcesBuildPhase section */

/* Begin PBXTargetDependency section */
		1EF00EDEEDCE1D8A1701D325 /* PBXTargetDependency */ = {
			isa = PBXTargetDependency;
			name = VideoTagManager;
			target = 17F946906C98A5F616DE5E00 /* VideoTagManager */;
			targetProxy = DBEAE6FB6D7F11E16E4EA4DC /* PBXContainerItemProxy */;
		};
/* End PBXTargetDependency section */

/* Begin XCBuildConfiguration section */
		08A8FD114036D6038D1CAA83 /* Release */ = {
			isa = XCBuildConfiguration;
			buildSettings = {
				ALWAYS_SEARCH_USER_PATHS = NO;
				ASSETCATALOG_COMPILER_GENERATE_SWIFT_ASSET_SYMBOL_EXTENSIONS = YES;
				CLANG_ANALYZER_NONNULL = YES;
				CLANG_ANALYZER_NUMBER_OBJECT_CONVERSION = YES_AGGRESSIVE;
				CLANG_CXX_LANGUAGE_STANDARD = "gnu++14";
				CLANG_CXX_LIBRARY = "libc++";
				CLANG_ENABLE_MODULES = YES;
				CLANG_ENABLE_OBJC_ARC = YES;
				CLANG_ENABLE_OBJC_WEAK = YES;
				CLANG_WARN_BLOCK_CAPTURE_AUTORELEASING = YES;
				CLANG_WARN_BOOL_CONVERSION = YES;
				CLANG_WARN_COMMA = YES;
				CLANG_WARN_CONSTANT_CONVERSION = YES;
				CLANG_WARN_DEPRECATED_OBJC_IMPLEMENTATIONS = YES;
				CLANG_WARN_DIRECT_OBJC_ISA_USAGE = YES_ERROR;
				CLANG_WARN_DOCUMENTATION_COMMENTS = YES;
				CLANG_WARN_EMPTY_BODY = YES;
				CLANG_WARN_ENUM_CONVERSION = YES;
				CLANG_WARN_INFINITE_RECURSION = YES;
				CLANG_WARN_INT_CONVERSION = YES;
				CLANG_WARN_NON_LITERAL_NULL_CONVERSION = YES;
				CLANG_WARN_OBJC_IMPLICIT_RETAIN_SELF = YES;
				CLANG_WARN_OBJC_LITERAL_CONVERSION = YES;
				CLANG_WARN_OBJC_ROOT_CLASS = YES_ERROR;
				CLANG_WARN_QUOTED_INCLUDE_IN_FRAMEWORK_HEADER = YES;
				CLANG_WARN_RANGE_LOOP_ANALYSIS = YES;
				CLANG_WARN_STRICT_PROTOTYPES = YES;
				CLANG_WARN_SUSPICIOUS_MOVE = YES;
				CLANG_WARN_UNGUARDED_AVAILABILITY = YES_AGGRESSIVE;
				CLANG_WARN_UNREACHABLE_CODE = YES;
				CLANG_WARN__DUPLICATE_METHOD_MATCH = YES;
				COPY_PHASE_STRIP = NO;
				DEAD_CODE_STRIPPING = YES;
				DEBUG_INFORMATION_FORMAT = "dwarf-with-dsym";
				ENABLE_NS_ASSERTIONS = NO;
				ENABLE_STRICT_OBJC_MSGSEND = YES;
				ENABLE_USER_SCRIPT_SANDBOXING = YES;
				GCC_C_LANGUAGE_STANDARD = gnu11;
				GCC_NO_COMMON_BLOCKS = YES;
				GCC_WARN_64_TO_32_BIT_CONVERSION = YES;
				GCC_WARN_ABOUT_RETURN_TYPE = YES_ERROR;
				GCC_WARN_UNDECLARED_SELECTOR = YES;
				GCC_WARN_UNINITIALIZED_AUTOS = YES_AGGRESSIVE;
				GCC_WARN_UNUSED_FUNCTION = YES;
				GCC_WARN_UNUSED_VARIABLE = YES;
				MTL_ENABLE_DEBUG_INFO = NO;
				MTL_FAST_MATH = YES;
				PRODUCT_NAME = "$(TARGET_NAME)";
				STRING_CATALOG_GENERATE_SYMBOLS = YES;
				SWIFT_COMPILATION_MODE = wholemodule;
				SWIFT_OPTIMIZATION_LEVEL = "-O";
				SWIFT_VERSION = 5.0;
			};
			name = Release;
		};
		8D59B83B95678B262F70AA7C /* Debug */ = {
			isa = XCBuildConfiguration;
			buildSettings = {
				BUNDLE_LOADER = "$(TEST_HOST)";
				CLANG_ENABLE_MODULES = YES;
				CODE_SIGN_STYLE = Automatic;
				DEAD_CODE_STRIPPING = YES;
				DEVELOPMENT_TEAM = Q554G4S79A;
				GENERATE_INFOPLIST_FILE = YES;
				MACOSX_DEPLOYMENT_TARGET = 14.0;
				PRODUCT_BUNDLE_IDENTIFIER = "com.larryisthere.video-tag-manager.tests";
				PRODUCT_NAME = VideoTagManagerTests;
				SDKROOT = macosx;
				SWIFT_STRICT_CONCURRENCY = complete;
				SWIFT_VERSION = 6.0;
				TEST_HOST = "$(BUILT_PRODUCTS_DIR)/FileFacet.app/Contents/MacOS/FileFacet";
			};
			name = Debug;
		};
		A30660DAE2201C663F21C60E /* Release */ = {
			isa = XCBuildConfiguration;
			buildSettings = {
				APP_DISPLAY_NAME = FileFacet;
				ASSETCATALOG_COMPILER_APPICON_NAME = AppIcon;
				ASSETCATALOG_COMPILER_GLOBAL_ACCENT_COLOR_NAME = AccentColor;
				CLANG_ENABLE_MODULES = YES;
				CODE_SIGN_ENTITLEMENTS = Config/VideoTagManager.entitlements;
				CODE_SIGN_STYLE = Automatic;
				COMBINE_HIDPI_IMAGES = YES;
				CURRENT_PROJECT_VERSION = 3;
				DEAD_CODE_STRIPPING = YES;
				DEVELOPMENT_TEAM = Q554G4S79A;
				ENABLE_APP_SANDBOX = YES;
				ENABLE_HARDENED_RUNTIME = YES;
				GENERATE_INFOPLIST_FILE = NO;
				INFOPLIST_FILE = Config/Info.plist;
				LD_RUNPATH_SEARCH_PATHS = (
					"$(inherited)",
					"@executable_path/../Frameworks",
				);
				MACOSX_DEPLOYMENT_TARGET = 14.0;
				MARKETING_VERSION = 1.0.2;
				PRODUCT_BUNDLE_IDENTIFIER = "com.larryisthere.video-tag-manager";
				PRODUCT_NAME = FileFacet;
				SDKROOT = macosx;
				SWIFT_STRICT_CONCURRENCY = complete;
				SWIFT_VERSION = 6.0;
			};
			name = Release;
		};
		B3220B82FDDC1744D71A0EEF /* Release */ = {
			isa = XCBuildConfiguration;
			buildSettings = {
				BUNDLE_LOADER = "$(TEST_HOST)";
				CLANG_ENABLE_MODULES = YES;
				CODE_SIGN_STYLE = Automatic;
				DEAD_CODE_STRIPPING = YES;
				DEVELOPMENT_TEAM = Q554G4S79A;
				GENERATE_INFOPLIST_FILE = YES;
				MACOSX_DEPLOYMENT_TARGET = 14.0;
				PRODUCT_BUNDLE_IDENTIFIER = "com.larryisthere.video-tag-manager.tests";
				PRODUCT_NAME = VideoTagManagerTests;
				SDKROOT = macosx;
				SWIFT_STRICT_CONCURRENCY = complete;
				SWIFT_VERSION = 6.0;
				TEST_HOST = "$(BUILT_PRODUCTS_DIR)/FileFacet.app/Contents/MacOS/FileFacet";
			};
			name = Release;
		};
		EF4C5F106D68F9D52B7924F9 /* Debug */ = {
			isa = XCBuildConfiguration;
			buildSettings = {
				APP_DISPLAY_NAME = FileFacet;
				ASSETCATALOG_COMPILER_APPICON_NAME = AppIcon;
				ASSETCATALOG_COMPILER_GLOBAL_ACCENT_COLOR_NAME = AccentColor;
				CLANG_ENABLE_MODULES = YES;
				CODE_SIGN_ENTITLEMENTS = Config/VideoTagManager.entitlements;
				CODE_SIGN_STYLE = Automatic;
				COMBINE_HIDPI_IMAGES = YES;
				CURRENT_PROJECT_VERSION = 3;
				DEAD_CODE_STRIPPING = YES;
				DEVELOPMENT_TEAM = Q554G4S79A;
				ENABLE_APP_SANDBOX = YES;
				ENABLE_HARDENED_RUNTIME = YES;
				GENERATE_INFOPLIST_FILE = NO;
				INFOPLIST_FILE = Config/Info.plist;
				LD_RUNPATH_SEARCH_PATHS = (
					"$(inherited)",
					"@executable_path/../Frameworks",
				);
				MACOSX_DEPLOYMENT_TARGET = 14.0;
				MARKETING_VERSION = 1.0.2;
				PRODUCT_BUNDLE_IDENTIFIER = "com.larryisthere.video-tag-manager";
				PRODUCT_NAME = FileFacet;
				SDKROOT = macosx;
				SWIFT_STRICT_CONCURRENCY = complete;
				SWIFT_VERSION = 6.0;
			};
			name = Debug;
		};
		F6998E8B7641E927B9AB0041 /* Debug */ = {
			isa = XCBuildConfiguration;
			buildSettings = {
				ALWAYS_SEARCH_USER_PATHS = NO;
				ASSETCATALOG_COMPILER_GENERATE_SWIFT_ASSET_SYMBOL_EXTENSIONS = YES;
				CLANG_ANALYZER_NONNULL = YES;
				CLANG_ANALYZER_NUMBER_OBJECT_CONVERSION = YES_AGGRESSIVE;
				CLANG_CXX_LANGUAGE_STANDARD = "gnu++14";
				CLANG_CXX_LIBRARY = "libc++";
				CLANG_ENABLE_MODULES = YES;
				CLANG_ENABLE_OBJC_ARC = YES;
				CLANG_ENABLE_OBJC_WEAK = YES;
				CLANG_WARN_BLOCK_CAPTURE_AUTORELEASING = YES;
				CLANG_WARN_BOOL_CONVERSION = YES;
				CLANG_WARN_COMMA = YES;
				CLANG_WARN_CONSTANT_CONVERSION = YES;
				CLANG_WARN_DEPRECATED_OBJC_IMPLEMENTATIONS = YES;
				CLANG_WARN_DIRECT_OBJC_ISA_USAGE = YES_ERROR;
				CLANG_WARN_DOCUMENTATION_COMMENTS = YES;
				CLANG_WARN_EMPTY_BODY = YES;
				CLANG_WARN_ENUM_CONVERSION = YES;
				CLANG_WARN_INFINITE_RECURSION = YES;
				CLANG_WARN_INT_CONVERSION = YES;
				CLANG_WARN_NON_LITERAL_NULL_CONVERSION = YES;
				CLANG_WARN_OBJC_IMPLICIT_RETAIN_SELF = YES;
				CLANG_WARN_OBJC_LITERAL_CONVERSION = YES;
				CLANG_WARN_OBJC_ROOT_CLASS = YES_ERROR;
				CLANG_WARN_QUOTED_INCLUDE_IN_FRAMEWORK_HEADER = YES;
				CLANG_WARN_RANGE_LOOP_ANALYSIS = YES;
				CLANG_WARN_STRICT_PROTOTYPES = YES;
				CLANG_WARN_SUSPICIOUS_MOVE = YES;
				CLANG_WARN_UNGUARDED_AVAILABILITY = YES_AGGRESSIVE;
				CLANG_WARN_UNREACHABLE_CODE = YES;
				CLANG_WARN__DUPLICATE_METHOD_MATCH = YES;
				COPY_PHASE_STRIP = NO;
				DEAD_CODE_STRIPPING = YES;
				DEBUG_INFORMATION_FORMAT = dwarf;
				ENABLE_STRICT_OBJC_MSGSEND = YES;
				ENABLE_TESTABILITY = YES;
				ENABLE_USER_SCRIPT_SANDBOXING = YES;
				GCC_C_LANGUAGE_STANDARD = gnu11;
				GCC_DYNAMIC_NO_PIC = NO;
				GCC_NO_COMMON_BLOCKS = YES;
				GCC_OPTIMIZATION_LEVEL = 0;
				GCC_PREPROCESSOR_DEFINITIONS = (
					"DEBUG=1",
					"$(inherited)",
				);
				GCC_WARN_64_TO_32_BIT_CONVERSION = YES;
				GCC_WARN_ABOUT_RETURN_TYPE = YES_ERROR;
				GCC_WARN_UNDECLARED_SELECTOR = YES;
				GCC_WARN_UNINITIALIZED_AUTOS = YES_AGGRESSIVE;
				GCC_WARN_UNUSED_FUNCTION = YES;
				GCC_WARN_UNUSED_VARIABLE = YES;
				MTL_ENABLE_DEBUG_INFO = INCLUDE_SOURCE;
				MTL_FAST_MATH = YES;
				ONLY_ACTIVE_ARCH = YES;
				PRODUCT_NAME = "$(TARGET_NAME)";
				STRING_CATALOG_GENERATE_SYMBOLS = YES;
				SWIFT_ACTIVE_COMPILATION_CONDITIONS = DEBUG;
				SWIFT_OPTIMIZATION_LEVEL = "-Onone";
				SWIFT_VERSION = 5.0;
			};
			name = Debug;
		};
/* End XCBuildConfiguration section */

/* Begin XCConfigurationList section */
		763719074838948939D95DAC /* Build configuration list for PBXNativeTarget "VideoTagManager" */ = {
			isa = XCConfigurationList;
			buildConfigurations = (
				A30660DAE2201C663F21C60E /* Release */,
				EF4C5F106D68F9D52B7924F9 /* Debug */,
			);
			defaultConfigurationIsVisible = 0;
			defaultConfigurationName = Release;
		};
		F1449509B56A680AA73326AD /* Build configuration list for PBXProject "VideoTagManager" */ = {
			isa = XCConfigurationList;
			buildConfigurations = (
				F6998E8B7641E927B9AB0041 /* Debug */,
				08A8FD114036D6038D1CAA83 /* Release */,
			);
			defaultConfigurationIsVisible = 0;
			defaultConfigurationName = Release;
		};
		FCD86F62FD5C761E836751D5 /* Build configuration list for PBXNativeTarget "VideoTagManagerTests" */ = {
			isa = XCConfigurationList;
			buildConfigurations = (
				B3220B82FDDC1744D71A0EEF /* Release */,
				8D59B83B95678B262F70AA7C /* Debug */,
			);
			defaultConfigurationIsVisible = 0;
			defaultConfigurationName = Release;
		};
/* End XCConfigurationList section */
	};
	rootObject = 6E7D62850F7CC92DA2BDC4CA /* Project object */;
}
